
Microsoft Visual Studio Solution File, Format Version 12.00
# Visual Studio Version 16
VisualStudioVersion = 16.0.31729.503
MinimumVisualStudioVersion = 10.0.40219.1
Project("{FAE04EC0-301F-11D3-BF4B-00C04F79EFBC}") = "filePath", "filePath.csproj", "{F2E2611F-EA25-4050-82D3-91215C2334C0}"
EndProject
Global
	GlobalSection(SolutionConfigurationPlatforms) = preSolution
		Debug|Any CPU = Debug|Any CPU
		Release|Any CPU = Release|Any CPU
	EndGlobalSection
	GlobalSection(ProjectConfigurationPlatforms) = postSolution
		{F2E2611F-EA25-4050-82D3-91215C2334C0}.Debug|Any CPU.ActiveCfg = Debug|Any CPU
		{F2E2611F-EA25-4050-82D3-91215C2334C0}.Debug|Any CPU.Build.0 = Debug|Any CPU
		{F2E2611F-EA25-4050-82D3-91215C2334C0}.Release|Any CPU.ActiveCfg = Release|Any CPU
		{F2E2611F-EA25-4050-82D3-91215C2334C0}.Release|Any CPU.Build.0 = Release|Any CPU
	EndGlobalSection
	GlobalSection(SolutionProperties) = preSolution
		HideSolutionNode = FALSE
	EndGlobalSection
	GlobalSection(ExtensibilityGlobals) = postSolution
		SolutionGuid = {355E3650-C3F2-4F92-9EBD-B355A05A4A44}
	EndGlobalSection
EndGlobal
